
Microsoft Visual Studio Solution File, Format Version 12.00
# Visual Studio 15
VisualStudioVersion = 15.0.27004.2009
MinimumVisualStudioVersion = 10.0.40219.1
Project("{9A19103F-16F7-4668-BE54-9A1E7A4F7556}") = "Catalog", "MicroserviceDemo\Catalog.csproj", "{58055553-BB4D-46F4-A201-6808227F5568}"
EndProject
Project("{E53339B2-1760-4266-BCC7-CA923CBCF16C}") = "docker-compose", "docker-compose.dcproj", "{1AE5F2DA-011C-46EC-9C97-136CD978B1F4}"
EndProject
Project("{2150E333-8FDC-42A3-9474-1A3956D46DE8}") = "4.Microserive", "4.Microserive", "{50FBE84F-4E60-4F30-BF93-DB5A2CC54086}"
EndProject
Project("{9A19103F-16F7-4668-BE54-9A1E7A4F7556}") = "Order", "Order\Order.csproj", "{97D1CC0F-73F4-4073-9D2D-451BCA2276F8}"
EndProject
Project("{2150E333-8FDC-42A3-9474-1A3956D46DE8}") = "3.APIGateway", "3.APIGateway", "{9F1B305F-F11E-4B42-9773-C4BBCD3EF61B}"
EndProject
Project("{2150E333-8FDC-42A3-9474-1A3956D46DE8}") = "1.ClientApplication", "1.ClientApplication", "{3B617563-CB4F-45CA-ADDF-08BE60188D6E}"
EndProject
Project("{2150E333-8FDC-42A3-9474-1A3956D46DE8}") = "DataCore", "DataCore", "{53BDCC1B-E1A0-4737-93EE-75B3398B0A3B}"
EndProject
Project("{9A19103F-16F7-4668-BE54-9A1E7A4F7556}") = "Core.SQL", "DAL\Core.SQL.csproj", "{A2829AA3-117F-4329-82E2-AB1321D5CD22}"
EndProject
Project("{2150E333-8FDC-42A3-9474-1A3956D46DE8}") = "Framework", "Framework", "{8F722A81-B600-4B5A-AA96-ACD84050D4DF}"
EndProject
Project("{9A19103F-16F7-4668-BE54-9A1E7A4F7556}") = "Framework.Entities", "CommonEntity\Framework.Entities.csproj", "{D619930D-6199-42E8-8F45-1779CDC892B7}"
EndProject
Project("{2150E333-8FDC-42A3-9474-1A3956D46DE8}") = "2.Authentication", "2.Authentication", "{1B528873-A8B9-43FC-A0AE-A5DB94E2AF28}"
EndProject
Project("{FAE04EC0-301F-11D3-BF4B-00C04F79EFBC}") = "WebAppMVC", "WebAppMVC\WebAppMVC.csproj", "{F728932B-B4C7-445D-BF28-41EE174E633F}"
EndProject
Project("{9A19103F-16F7-4668-BE54-9A1E7A4F7556}") = "IdentityServer", "IdentityServer\IdentityServer.csproj", "{18E39975-07D8-4B5E-8A2E-82D911232BD3}"
EndProject
Project("{9A19103F-16F7-4668-BE54-9A1E7A4F7556}") = "APIGatewayNetCore", "APIGatewayNetCore\APIGatewayNetCore.csproj", "{0E91DECB-CCC4-40C8-9E5F-9B92DC45FB77}"
EndProject
Project("{9A19103F-16F7-4668-BE54-9A1E7A4F7556}") = "Framework.Automap", "SQLServerEntity\Framework.Automap.csproj", "{99E9F791-CD5B-4D23-A7B9-962D73BA2482}"
EndProject
Project("{9A19103F-16F7-4668-BE54-9A1E7A4F7556}") = "Core.NoSQL", "DAL_MongoDB\Core.NoSQL.csproj", "{876E342F-35DC-408C-BAAE-4F5D21772AF2}"
EndProject
Project("{9A19103F-16F7-4668-BE54-9A1E7A4F7556}") = "Framework.Common", "CommonAPI\Framework.Common.csproj", "{D27A27E5-18B5-4963-B355-634A6E2267BD}"
EndProject
Project("{9A19103F-16F7-4668-BE54-9A1E7A4F7556}") = "Framework.Security", "CommonSecurity\Framework.Security.csproj", "{19E2D084-7940-4974-AA6B-1D821F818478}"
EndProject
Project("{9A19103F-16F7-4668-BE54-9A1E7A4F7556}") = "Price", "Price\Price.csproj", "{B7D1EA91-250B-4DC8-B57D-245AB5F7666C}"
EndProject
Project("{9A19103F-16F7-4668-BE54-9A1E7A4F7556}") = "Payment", "Payment\Payment.csproj", "{1481AB3D-FE95-42E7-8F71-7418D2085D8B}"
EndProject
Project("{9A19103F-16F7-4668-BE54-9A1E7A4F7556}") = "ServiceRegistry.Consul", "CommonConsul\ServiceRegistry.Consul.csproj", "{09074256-0ED2-4C21-8BC6-B4114C78DAD8}"
EndProject
Global
	GlobalSection(SolutionConfigurationPlatforms) = preSolution
		Debug|Any CPU = Debug|Any CPU
		Release|Any CPU = Release|Any CPU
	EndGlobalSection
	GlobalSection(ProjectConfigurationPlatforms) = postSolution
		{58055553-BB4D-46F4-A201-6808227F5568}.Debug|Any CPU.ActiveCfg = Debug|Any CPU
		{58055553-BB4D-46F4-A201-6808227F5568}.Debug|Any CPU.Build.0 = Debug|Any CPU
		{58055553-BB4D-46F4-A201-6808227F5568}.Release|Any CPU.ActiveCfg = Release|Any CPU
		{58055553-BB4D-46F4-A201-6808227F5568}.Release|Any CPU.Build.0 = Release|Any CPU
		{1AE5F2DA-011C-46EC-9C97-136CD978B1F4}.Debug|Any CPU.ActiveCfg = Debug|Any CPU
		{1AE5F2DA-011C-46EC-9C97-136CD978B1F4}.Debug|Any CPU.Build.0 = Debug|Any CPU
		{1AE5F2DA-011C-46EC-9C97-136CD978B1F4}.Release|Any CPU.ActiveCfg = Release|Any CPU
		{1AE5F2DA-011C-46EC-9C97-136CD978B1F4}.Release|Any CPU.Build.0 = Release|Any CPU
		{97D1CC0F-73F4-4073-9D2D-451BCA2276F8}.Debug|Any CPU.ActiveCfg = Debug|Any CPU
		{97D1CC0F-73F4-4073-9D2D-451BCA2276F8}.Debug|Any CPU.Build.0 = Debug|Any CPU
		{97D1CC0F-73F4-4073-9D2D-451BCA2276F8}.Release|Any CPU.ActiveCfg = Release|Any CPU
		{97D1CC0F-73F4-4073-9D2D-451BCA2276F8}.Release|Any CPU.Build.0 = Release|Any CPU
		{A2829AA3-117F-4329-82E2-AB1321D5CD22}.Debug|Any CPU.ActiveCfg = Debug|Any CPU
		{A2829AA3-117F-4329-82E2-AB1321D5CD22}.Debug|Any CPU.Build.0 = Debug|Any CPU
		{A2829AA3-117F-4329-82E2-AB1321D5CD22}.Release|Any CPU.ActiveCfg = Release|Any CPU
		{A2829AA3-117F-4329-82E2-AB1321D5CD22}.Release|Any CPU.Build.0 = Release|Any CPU
		{D619930D-6199-42E8-8F45-1779CDC892B7}.Debug|Any CPU.ActiveCfg = Debug|Any CPU
		{D619930D-6199-42E8-8F45-1779CDC892B7}.Debug|Any CPU.Build.0 = Debug|Any CPU
		{D619930D-6199-42E8-8F45-1779CDC892B7}.Release|Any CPU.ActiveCfg = Release|Any CPU
		{D619930D-6199-42E8-8F45-1779CDC892B7}.Release|Any CPU.Build.0 = Release|Any CPU
		{F728932B-B4C7-445D-BF28-41EE174E633F}.Debug|Any CPU.ActiveCfg = Debug|Any CPU
		{F728932B-B4C7-445D-BF28-41EE174E633F}.Debug|Any CPU.Build.0 = Debug|Any CPU
		{F728932B-B4C7-445D-BF28-41EE174E633F}.Release|Any CPU.ActiveCfg = Release|Any CPU
		{F728932B-B4C7-445D-BF28-41EE174E633F}.Release|Any CPU.Build.0 = Release|Any CPU
		{18E39975-07D8-4B5E-8A2E-82D911232BD3}.Debug|Any CPU.ActiveCfg = Debug|Any CPU
		{18E39975-07D8-4B5E-8A2E-82D911232BD3}.Debug|Any CPU.Build.0 = Debug|Any CPU
		{18E39975-07D8-4B5E-8A2E-82D911232BD3}.Release|Any CPU.ActiveCfg = Release|Any CPU
		{18E39975-07D8-4B5E-8A2E-82D911232BD3}.Release|Any CPU.Build.0 = Release|Any CPU
		{0E91DECB-CCC4-40C8-9E5F-9B92DC45FB77}.Debug|Any CPU.ActiveCfg = Debug|Any CPU
		{0E91DECB-CCC4-40C8-9E5F-9B92DC45FB77}.Debug|Any CPU.Build.0 = Debug|Any CPU
		{0E91DECB-CCC4-40C8-9E5F-9B92DC45FB77}.Release|Any CPU.ActiveCfg = Release|Any CPU
		{0E91DECB-CCC4-40C8-9E5F-9B92DC45FB77}.Release|Any CPU.Build.0 = Release|Any CPU
		{99E9F791-CD5B-4D23-A7B9-962D73BA2482}.Debug|Any CPU.ActiveCfg = Debug|Any CPU
		{99E9F791-CD5B-4D23-A7B9-962D73BA2482}.Debug|Any CPU.Build.0 = Debug|Any CPU
		{99E9F791-CD5B-4D23-A7B9-962D73BA2482}.Release|Any CPU.ActiveCfg = Release|Any CPU
		{99E9F791-CD5B-4D23-A7B9-962D73BA2482}.Release|Any CPU.Build.0 = Release|Any CPU
		{876E342F-35DC-408C-BAAE-4F5D21772AF2}.Debug|Any CPU.ActiveCfg = Debug|Any CPU
		{876E342F-35DC-408C-BAAE-4F5D21772AF2}.Debug|Any CPU.Build.0 = Debug|Any CPU
		{876E342F-35DC-408C-BAAE-4F5D21772AF2}.Release|Any CPU.ActiveCfg = Release|Any CPU
		{876E342F-35DC-408C-BAAE-4F5D21772AF2}.Release|Any CPU.Build.0 = Release|Any CPU
		{D27A27E5-18B5-4963-B355-634A6E2267BD}.Debug|Any CPU.ActiveCfg = Debug|Any CPU
		{D27A27E5-18B5-4963-B355-634A6E2267BD}.Debug|Any CPU.Build.0 = Debug|Any CPU
		{D27A27E5-18B5-4963-B355-634A6E2267BD}.Release|Any CPU.ActiveCfg = Release|Any CPU
		{D27A27E5-18B5-4963-B355-634A6E2267BD}.Release|Any CPU.Build.0 = Release|Any CPU
		{19E2D084-7940-4974-AA6B-1D821F818478}.Debug|Any CPU.ActiveCfg = Debug|Any CPU
		{19E2D084-7940-4974-AA6B-1D821F818478}.Debug|Any CPU.Build.0 = Debug|Any CPU
		{19E2D084-7940-4974-AA6B-1D821F818478}.Release|Any CPU.ActiveCfg = Release|Any CPU
		{19E2D084-7940-4974-AA6B-1D821F818478}.Release|Any CPU.Build.0 = Release|Any CPU
		{B7D1EA91-250B-4DC8-B57D-245AB5F7666C}.Debug|Any CPU.ActiveCfg = Debug|Any CPU
		{B7D1EA91-250B-4DC8-B57D-245AB5F7666C}.Debug|Any CPU.Build.0 = Debug|Any CPU
		{B7D1EA91-250B-4DC8-B57D-245AB5F7666C}.Release|Any CPU.ActiveCfg = Release|Any CPU
		{B7D1EA91-250B-4DC8-B57D-245AB5F7666C}.Release|Any CPU.Build.0 = Release|Any CPU
		{1481AB3D-FE95-42E7-8F71-7418D2085D8B}.Debug|Any CPU.ActiveCfg = Debug|Any CPU
		{1481AB3D-FE95-42E7-8F71-7418D2085D8B}.Debug|Any CPU.Build.0 = Debug|Any CPU
		{1481AB3D-FE95-42E7-8F71-7418D2085D8B}.Release|Any CPU.ActiveCfg = Release|Any CPU
		{1481AB3D-FE95-42E7-8F71-7418D2085D8B}.Release|Any CPU.Build.0 = Release|Any CPU
		{09074256-0ED2-4C21-8BC6-B4114C78DAD8}.Debug|Any CPU.ActiveCfg = Debug|Any CPU
		{09074256-0ED2-4C21-8BC6-B4114C78DAD8}.Debug|Any CPU.Build.0 = Debug|Any CPU
		{09074256-0ED2-4C21-8BC6-B4114C78DAD8}.Release|Any CPU.ActiveCfg = Release|Any CPU
		{09074256-0ED2-4C21-8BC6-B4114C78DAD8}.Release|Any CPU.Build.0 = Release|Any CPU
	EndGlobalSection
	GlobalSection(SolutionProperties) = preSolution
		HideSolutionNode = FALSE
	EndGlobalSection
	GlobalSection(NestedProjects) = preSolution
		{58055553-BB4D-46F4-A201-6808227F5568} = {50FBE84F-4E60-4F30-BF93-DB5A2CC54086}
		{97D1CC0F-73F4-4073-9D2D-451BCA2276F8} = {50FBE84F-4E60-4F30-BF93-DB5A2CC54086}
		{A2829AA3-117F-4329-82E2-AB1321D5CD22} = {53BDCC1B-E1A0-4737-93EE-75B3398B0A3B}
		{D619930D-6199-42E8-8F45-1779CDC892B7} = {8F722A81-B600-4B5A-AA96-ACD84050D4DF}
		{F728932B-B4C7-445D-BF28-41EE174E633F} = {3B617563-CB4F-45CA-ADDF-08BE60188D6E}
		{18E39975-07D8-4B5E-8A2E-82D911232BD3} = {1B528873-A8B9-43FC-A0AE-A5DB94E2AF28}
		{0E91DECB-CCC4-40C8-9E5F-9B92DC45FB77} = {9F1B305F-F11E-4B42-9773-C4BBCD3EF61B}
		{99E9F791-CD5B-4D23-A7B9-962D73BA2482} = {8F722A81-B600-4B5A-AA96-ACD84050D4DF}
		{876E342F-35DC-408C-BAAE-4F5D21772AF2} = {53BDCC1B-E1A0-4737-93EE-75B3398B0A3B}
		{D27A27E5-18B5-4963-B355-634A6E2267BD} = {8F722A81-B600-4B5A-AA96-ACD84050D4DF}
		{19E2D084-7940-4974-AA6B-1D821F818478} = {8F722A81-B600-4B5A-AA96-ACD84050D4DF}
		{B7D1EA91-250B-4DC8-B57D-245AB5F7666C} = {50FBE84F-4E60-4F30-BF93-DB5A2CC54086}
		{1481AB3D-FE95-42E7-8F71-7418D2085D8B} = {50FBE84F-4E60-4F30-BF93-DB5A2CC54086}
		{09074256-0ED2-4C21-8BC6-B4114C78DAD8} = {8F722A81-B600-4B5A-AA96-ACD84050D4DF}
	EndGlobalSection
	GlobalSection(ExtensibilityGlobals) = postSolution
		SolutionGuid = {AA65527D-0A8E-42E0-9CBB-6733099A12ED}
	EndGlobalSection
EndGlobal
